{
  "name": "esquery-jsx",
  "version": "1.0.0",
  "lockfileVersion": 1,
  "requires": true,
  "dependencies": {
    "Base64": {
      "version": "0.2.1",
      "resolved": "https://registry.npmjs.org/Base64/-/Base64-0.2.1.tgz",
      "integrity": "sha1-ujpCMHCOGGcFBl5mur3Uw1z2ACg=",
      "dev": true
    },
    "MD5": {
      "version": "1.2.2",
      "resolved": "https://registry.npmjs.org/MD5/-/MD5-1.2.2.tgz",
      "integrity": "sha1-2QPI7FuiI80rgEMoJIgdBLuYQcA=",
      "dev": true,
      "requires": {
        "charenc": "0.0.2",
        "crypt": "0.0.2"
      }
    },
    "StringScanner": {
      "version": "0.0.3",
      "resolved": "https://registry.npmjs.org/StringScanner/-/StringScanner-0.0.3.tgz",
      "integrity": "sha1-vwbs/ckARnEfTmF1VJJDt4zrOKo=",
      "dev": true
    },
    "abbrev": {
      "version": "1.1.1",
      "resolved": "https://registry.npmjs.org/abbrev/-/abbrev-1.1.1.tgz",
      "integrity": "sha512-nne9/IiQ/hzIhY6pdDnbBtz7DjPTKrY00P/zvPSm5pOFkl6xuGrGnXn/VtTNNfNtAfZ9/1RtehkszU9qcTii0Q==",
      "dev": true
    },
    "amdefine": {
      "version": "1.0.1",
      "resolved": "https://registry.npmjs.org/amdefine/-/amdefine-1.0.1.tgz",
      "integrity": "sha1-SlKCrBZHKek2Gbz9OtFR+BfOkfU=",
      "dev": true
    },
    "asn1.js": {
      "version": "4.10.1",
      "resolved": "https://registry.npmjs.org/asn1.js/-/asn1.js-4.10.1.tgz",
      "integrity": "sha512-p32cOF5q0Zqs9uBiONKYLm6BClCoBCM5O9JfeUSlnQLBTxYdTK+pW+nXflm8UkKd2UYlEbYz5qEi0JuZR9ckSw==",
      "dev": true,
      "requires": {
        "bn.js": "4.11.8",
        "inherits": "2.0.3",
        "minimalistic-assert": "1.0.1"
      }
    },
    "base64-js": {
      "version": "0.0.8",
      "resolved": "https://registry.npmjs.org/base64-js/-/base64-js-0.0.8.tgz",
      "integrity": "sha1-EQHpVE9KdrG8OybUUsqW16NeeXg=",
      "dev": true
    },
    "bn.js": {
      "version": "4.11.8",
      "resolved": "https://registry.npmjs.org/bn.js/-/bn.js-4.11.8.tgz",
      "integrity": "sha512-ItfYfPLkWHUjckQCk8xC+LwxgK8NYcXywGigJgSwOP8Y2iyWT4f2vsZnoOXTTbo+o5yXmIUJ4gn5538SO5S3gA==",
      "dev": true
    },
    "brorand": {
      "version": "1.1.0",
      "resolved": "https://registry.npmjs.org/brorand/-/brorand-1.1.0.tgz",
      "integrity": "sha1-EsJe/kCkXjwyPrhnWgoM5XsiNx8=",
      "dev": true
    },
    "browserify-aes": {
      "version": "1.2.0",
      "resolved": "http://registry.npmjs.org/browserify-aes/-/browserify-aes-1.2.0.tgz",
      "integrity": "sha512-+7CHXqGuspUn/Sl5aO7Ea0xWGAtETPXNSAjHo48JfLdPWcMng33Xe4znFvQweqc/uzk5zSOI3H52CYnjCfb5hA==",
      "dev": true,
      "requires": {
        "buffer-xor": "1.0.3",
        "cipher-base": "1.0.4",
        "create-hash": "1.2.0",
        "evp_bytestokey": "1.0.3",
        "inherits": "2.0.3",
        "safe-buffer": "5.1.2"
      }
    },
    "browserify-cipher": {
      "version": "1.0.1",
      "resolved": "https://registry.npmjs.org/browserify-cipher/-/browserify-cipher-1.0.1.tgz",
      "integrity": "sha512-sPhkz0ARKbf4rRQt2hTpAHqn47X3llLkUGn+xEJzLjwY8LRs2p0v7ljvI5EyoRO/mexrNunNECisZs+gw2zz1w==",
      "dev": true,
      "requires": {
        "browserify-aes": "1.2.0",
        "browserify-des": "1.0.2",
        "evp_bytestokey": "1.0.3"
      }
    },
    "browserify-des": {
      "version": "1.0.2",
      "resolved": "https://registry.npmjs.org/browserify-des/-/browserify-des-1.0.2.tgz",
      "integrity": "sha512-BioO1xf3hFwz4kc6iBhI3ieDFompMhrMlnDFC4/0/vd5MokpuAc3R+LYbwTA9A5Yc9pq9UYPqffKpW2ObuwX5A==",
      "dev": true,
      "requires": {
        "cipher-base": "1.0.4",
        "des.js": "1.0.0",
        "inherits": "2.0.3",
        "safe-buffer": "5.1.2"
      }
    },
    "browserify-rsa": {
      "version": "4.0.1",
      "resolved": "http://registry.npmjs.org/browserify-rsa/-/browserify-rsa-4.0.1.tgz",
      "integrity": "sha1-IeCr+vbyApzy+vsTNWenAdQTVSQ=",
      "dev": true,
      "requires": {
        "bn.js": "4.11.8",
        "randombytes": "2.0.6"
      }
    },
    "browserify-sign": {
      "version": "4.0.4",
      "resolved": "https://registry.npmjs.org/browserify-sign/-/browserify-sign-4.0.4.tgz",
      "integrity": "sha1-qk62jl17ZYuqa/alfmMMvXqT0pg=",
      "dev": true,
      "requires": {
        "bn.js": "4.11.8",
        "browserify-rsa": "4.0.1",
        "create-hash": "1.2.0",
        "create-hmac": "1.1.7",
        "elliptic": "6.4.1",
        "inherits": "2.0.3",
        "parse-asn1": "5.1.1"
      }
    },
    "buffer-browserify": {
      "version": "0.2.5",
      "resolved": "https://registry.npmjs.org/buffer-browserify/-/buffer-browserify-0.2.5.tgz",
      "integrity": "sha1-Kcc51qTiR7U5q8CtoHNhIAIWOiE=",
      "dev": true,
      "requires": {
        "base64-js": "0.0.8"
      }
    },
    "buffer-xor": {
      "version": "1.0.3",
      "resolved": "https://registry.npmjs.org/buffer-xor/-/buffer-xor-1.0.3.tgz",
      "integrity": "sha1-JuYe0UIvtw3ULm42cp7VHYVf6Nk=",
      "dev": true
    },
    "charenc": {
      "version": "0.0.2",
      "resolved": "https://registry.npmjs.org/charenc/-/charenc-0.0.2.tgz",
      "integrity": "sha1-wKHS86cJLgN3S/qD8UwPxXkKhmc=",
      "dev": true
    },
    "cipher-base": {
      "version": "1.0.4",
      "resolved": "https://registry.npmjs.org/cipher-base/-/cipher-base-1.0.4.tgz",
      "integrity": "sha512-Kkht5ye6ZGmwv40uUDZztayT2ThLQGfnj/T71N/XzeZeo3nf8foyW7zGTsPYkEya3m5f3cAypH+qe7YOrM1U2Q==",
      "dev": true,
      "requires": {
        "inherits": "2.0.3",
        "safe-buffer": "5.1.2"
      }
    },
    "coffee-script-redux": {
      "version": "2.0.0-beta8",
      "resolved": "https://registry.npmjs.org/coffee-script-redux/-/coffee-script-redux-2.0.0-beta8.tgz",
      "integrity": "sha1-D9e4QXNA3Q0zno9v2LS4cWlW6NU=",
      "dev": true,
      "requires": {
        "StringScanner": "0.0.3",
        "cscodegen": "git://github.com/michaelficarra/cscodegen.git#73fd7202ac086c26f18c9d56f025b18b3c6f5383",
        "escodegen": "0.0.28",
        "esmangle": "0.0.17",
        "nopt": "2.1.2",
        "source-map": "0.1.11"
      },
      "dependencies": {
        "escodegen": {
          "version": "0.0.28",
          "resolved": "https://registry.npmjs.org/escodegen/-/escodegen-0.0.28.tgz",
          "integrity": "sha1-Dk/xcV8yh3XWyrUaxEpAbNer/9M=",
          "dev": true,
          "optional": true,
          "requires": {
            "esprima": "1.0.4",
            "estraverse": "1.3.2",
            "source-map": "0.1.11"
          }
        },
        "esmangle": {
          "version": "0.0.17",
          "resolved": "https://registry.npmjs.org/esmangle/-/esmangle-0.0.17.tgz",
          "integrity": "sha1-TFyTYHzeXRJ2utOW6DYinbpo2Qw=",
          "dev": true,
          "optional": true,
          "requires": {
            "escodegen": "0.0.28",
            "escope": "1.0.3",
            "esprima": "1.0.4",
            "esshorten": "0.0.2",
            "estraverse": "1.3.2",
            "optimist": "0.6.1",
            "source-map": "0.1.11"
          }
        },
        "esprima": {
          "version": "1.0.4",
          "resolved": "https://registry.npmjs.org/esprima/-/esprima-1.0.4.tgz",
          "integrity": "sha1-n1V+CPw7TSbs6d00+Pv0drYlha0=",
          "dev": true
        },
        "estraverse": {
          "version": "1.3.2",
          "resolved": "https://registry.npmjs.org/estraverse/-/estraverse-1.3.2.tgz",
          "integrity": "sha1-N8K4k+8T1yPydth41g2FNRUqbEI=",
          "dev": true
        }
      }
    },
    "commonjs-everywhere": {
      "version": "0.9.7",
      "resolved": "https://registry.npmjs.org/commonjs-everywhere/-/commonjs-everywhere-0.9.7.tgz",
      "integrity": "sha1-y+i3xDjsK/H5Gb2i34cSdt7EaVk=",
      "dev": true,
      "requires": {
        "Base64": "0.2.1",
        "MD5": "1.2.2",
        "buffer-browserify": "0.2.5",
        "coffee-script-redux": "2.0.0-beta8",
        "constants-browserify": "1.0.0",
        "crypto-browserify": "3.12.0",
        "escodegen": "1.2.0",
        "esmangle": "1.0.1",
        "esprima": "1.1.1",
        "estraverse": "1.5.1",
        "events-browserify": "0.0.1",
        "http-browserify": "1.7.0",
        "mktemp": "0.3.5",
        "nopt": "2.1.2",
        "punycode": "2.1.1",
        "querystring": "0.2.0",
        "resolve": "0.6.3",
        "vm-browserify": "1.1.0",
        "zlib-browserify": "0.0.3"
      },
      "dependencies": {
        "estraverse": {
          "version": "1.5.1",
          "resolved": "https://registry.npmjs.org/estraverse/-/estraverse-1.5.1.tgz",
          "integrity": "sha1-hno+jlip+EYYr7bC3bzZFrfLr3E=",
          "dev": true
        }
      }
    },
    "constants-browserify": {
      "version": "1.0.0",
      "resolved": "https://registry.npmjs.org/constants-browserify/-/constants-browserify-1.0.0.tgz",
      "integrity": "sha1-wguW2MYXdIqvHBYCF2DNJ/y4y3U=",
      "dev": true
    },
    "create-ecdh": {
      "version": "4.0.3",
      "resolved": "https://registry.npmjs.org/create-ecdh/-/create-ecdh-4.0.3.tgz",
      "integrity": "sha512-GbEHQPMOswGpKXM9kCWVrremUcBmjteUaQ01T9rkKCPDXfUHX0IoP9LpHYo2NPFampa4e+/pFDc3jQdxrxQLaw==",
      "dev": true,
      "requires": {
        "bn.js": "4.11.8",
        "elliptic": "6.4.1"
      }
    },
    "create-hash": {
      "version": "1.2.0",
      "resolved": "http://registry.npmjs.org/create-hash/-/create-hash-1.2.0.tgz",
      "integrity": "sha512-z00bCGNHDG8mHAkP7CtT1qVu+bFQUPjYq/4Iv3C3kWjTFV10zIjfSoeqXo9Asws8gwSHDGj/hl2u4OGIjapeCg==",
      "dev": true,
      "requires": {
        "cipher-base": "1.0.4",
        "inherits": "2.0.3",
        "md5.js": "1.3.5",
        "ripemd160": "2.0.2",
        "sha.js": "2.4.11"
      }
    },
    "create-hmac": {
      "version": "1.1.7",
      "resolved": "http://registry.npmjs.org/create-hmac/-/create-hmac-1.1.7.tgz",
      "integrity": "sha512-MJG9liiZ+ogc4TzUwuvbER1JRdgvUFSB5+VR/g5h82fGaIRWMWddtKBHi7/sVhfjQZ6SehlyhvQYrcYkaUIpLg==",
      "dev": true,
      "requires": {
        "cipher-base": "1.0.4",
        "create-hash": "1.2.0",
        "inherits": "2.0.3",
        "ripemd160": "2.0.2",
        "safe-buffer": "5.1.2",
        "sha.js": "2.4.11"
      }
    },
    "crypt": {
      "version": "0.0.2",
      "resolved": "https://registry.npmjs.org/crypt/-/crypt-0.0.2.tgz",
      "integrity": "sha1-iNf/fsDfuG9xPch7u0LQRNPmxBs=",
      "dev": true
    },
    "crypto-browserify": {
      "version": "3.12.0",
      "resolved": "https://registry.npmjs.org/crypto-browserify/-/crypto-browserify-3.12.0.tgz",
      "integrity": "sha512-fz4spIh+znjO2VjL+IdhEpRJ3YN6sMzITSBijk6FK2UvTqruSQW+/cCZTSNsMiZNvUeq0CqurF+dAbyiGOY6Wg==",
      "dev": true,
      "requires": {
        "browserify-cipher": "1.0.1",
        "browserify-sign": "4.0.4",
        "create-ecdh": "4.0.3",
        "create-hash": "1.2.0",
        "create-hmac": "1.1.7",
        "diffie-hellman": "5.0.3",
        "inherits": "2.0.3",
        "pbkdf2": "3.0.17",
        "public-encrypt": "4.0.3",
        "randombytes": "2.0.6",
        "randomfill": "1.0.4"
      }
    },
    "cscodegen": {
      "version": "git://github.com/michaelficarra/cscodegen.git#73fd7202ac086c26f18c9d56f025b18b3c6f5383",
      "dev": true,
      "optional": true
    },
    "deep-equal": {
      "version": "0.0.0",
      "resolved": "https://registry.npmjs.org/deep-equal/-/deep-equal-0.0.0.tgz",
      "integrity": "sha1-mWedO70EcVb81FDT0B7rkGhpHoM=",
      "dev": true
    },
    "deep-is": {
      "version": "0.1.3",
      "resolved": "https://registry.npmjs.org/deep-is/-/deep-is-0.1.3.tgz",
      "integrity": "sha1-s2nW+128E+7PUk+RsHD+7cNXzzQ=",
      "dev": true
    },
    "defined": {
      "version": "0.0.0",
      "resolved": "https://registry.npmjs.org/defined/-/defined-0.0.0.tgz",
      "integrity": "sha1-817qfXBekzuvE7LwOz+D2SFAOz4=",
      "dev": true
    },
    "des.js": {
      "version": "1.0.0",
      "resolved": "https://registry.npmjs.org/des.js/-/des.js-1.0.0.tgz",
      "integrity": "sha1-wHTS4qpqipoH29YfmhXCzYPsjsw=",
      "dev": true,
      "requires": {
        "inherits": "2.0.3",
        "minimalistic-assert": "1.0.1"
      }
    },
    "diffie-hellman": {
      "version": "5.0.3",
      "resolved": "http://registry.npmjs.org/diffie-hellman/-/diffie-hellman-5.0.3.tgz",
      "integrity": "sha512-kqag/Nl+f3GwyK25fhUMYj81BUOrZ9IuJsjIcDE5icNM9FJHAVm3VcUDxdLPoQtTuUylWm6ZIknYJwwaPxsUzg==",
      "dev": true,
      "requires": {
        "bn.js": "4.11.8",
        "miller-rabin": "4.0.1",
        "randombytes": "2.0.6"
      }
    },
    "elliptic": {
      "version": "6.4.1",
      "resolved": "https://registry.npmjs.org/elliptic/-/elliptic-6.4.1.tgz",
      "integrity": "sha512-BsXLz5sqX8OHcsh7CqBMztyXARmGQ3LWPtGjJi6DiJHq5C/qvi9P3OqgswKSDftbu8+IoI/QDTAm2fFnQ9SZSQ==",
      "dev": true,
      "requires": {
        "bn.js": "4.11.8",
        "brorand": "1.1.0",
        "hash.js": "1.1.5",
        "hmac-drbg": "1.0.1",
        "inherits": "2.0.3",
        "minimalistic-assert": "1.0.1",
        "minimalistic-crypto-utils": "1.0.1"
      }
    },
    "escodegen": {
      "version": "1.2.0",
      "resolved": "https://registry.npmjs.org/escodegen/-/escodegen-1.2.0.tgz",
      "integrity": "sha1-Cd55Z3kcyVi3+Jot220jRRrzJ+E=",
      "dev": true,
      "requires": {
        "esprima": "1.0.4",
        "estraverse": "1.5.1",
        "esutils": "1.0.0",
        "source-map": "0.1.43"
      },
      "dependencies": {
        "esprima": {
          "version": "1.0.4",
          "resolved": "https://registry.npmjs.org/esprima/-/esprima-1.0.4.tgz",
          "integrity": "sha1-n1V+CPw7TSbs6d00+Pv0drYlha0=",
          "dev": true
        },
        "estraverse": {
          "version": "1.5.1",
          "resolved": "https://registry.npmjs.org/estraverse/-/estraverse-1.5.1.tgz",
          "integrity": "sha1-hno+jlip+EYYr7bC3bzZFrfLr3E=",
          "dev": true
        },
        "source-map": {
          "version": "0.1.43",
          "resolved": "https://registry.npmjs.org/source-map/-/source-map-0.1.43.tgz",
          "integrity": "sha1-wkvBRspRfBRx9drL4lcbK3+eM0Y=",
          "dev": true,
          "optional": true,
          "requires": {
            "amdefine": "1.0.1"
          }
        }
      }
    },
    "escope": {
      "version": "1.0.3",
      "resolved": "https://registry.npmjs.org/escope/-/escope-1.0.3.tgz",
      "integrity": "sha1-dZ3OhJbEJI/sLQyq9BCLzz8af10=",
      "dev": true,
      "requires": {
        "estraverse": "2.0.0"
      },
      "dependencies": {
        "estraverse": {
          "version": "2.0.0",
          "resolved": "https://registry.npmjs.org/estraverse/-/estraverse-2.0.0.tgz",
          "integrity": "sha1-WuRpYyQ2ACBmdMyySgnhZnT83KE=",
          "dev": true
        }
      }
    },
    "esmangle": {
      "version": "1.0.1",
      "resolved": "https://registry.npmjs.org/esmangle/-/esmangle-1.0.1.tgz",
      "integrity": "sha1-2bs3uPjq+/Tm1O1reqKVarvTxMI=",
      "dev": true,
      "requires": {
        "escodegen": "1.3.3",
        "escope": "1.0.3",
        "esprima": "1.1.1",
        "esshorten": "1.1.1",
        "estraverse": "1.5.1",
        "esutils": "1.0.0",
        "optionator": "0.3.0",
        "source-map": "0.1.43"
      },
      "dependencies": {
        "escodegen": {
          "version": "1.3.3",
          "resolved": "https://registry.npmjs.org/escodegen/-/escodegen-1.3.3.tgz",
          "integrity": "sha1-8CQBb1qI4Eb9EgBQVek5gC5sXyM=",
          "dev": true,
          "requires": {
            "esprima": "1.1.1",
            "estraverse": "1.5.1",
            "esutils": "1.0.0",
            "source-map": "0.1.43"
          }
        },
        "esshorten": {
          "version": "1.1.1",
          "resolved": "https://registry.npmjs.org/esshorten/-/esshorten-1.1.1.tgz",
          "integrity": "sha1-F0+Wt8wmfkaHLYFOfbfCkL3/Yak=",
          "dev": true,
          "requires": {
            "escope": "1.0.3",
            "estraverse": "4.1.1",
            "esutils": "2.0.2"
          },
          "dependencies": {
            "estraverse": {
              "version": "4.1.1",
              "resolved": "https://registry.npmjs.org/estraverse/-/estraverse-4.1.1.tgz",
              "integrity": "sha1-9srKcokzqFDvkGYdDheYK6RxEaI=",
              "dev": true
            },
            "esutils": {
              "version": "2.0.2",
              "resolved": "https://registry.npmjs.org/esutils/-/esutils-2.0.2.tgz",
              "integrity": "sha1-Cr9PHKpbyx96nYrMbepPqqBLrJs=",
              "dev": true
            }
          }
        },
        "estraverse": {
          "version": "1.5.1",
          "resolved": "https://registry.npmjs.org/estraverse/-/estraverse-1.5.1.tgz",
          "integrity": "sha1-hno+jlip+EYYr7bC3bzZFrfLr3E=",
          "dev": true
        },
        "source-map": {
          "version": "0.1.43",
          "resolved": "https://registry.npmjs.org/source-map/-/source-map-0.1.43.tgz",
          "integrity": "sha1-wkvBRspRfBRx9drL4lcbK3+eM0Y=",
          "dev": true,
          "requires": {
            "amdefine": "1.0.1"
          }
        }
      }
    },
    "esprima": {
      "version": "1.1.1",
      "resolved": "https://registry.npmjs.org/esprima/-/esprima-1.1.1.tgz",
      "integrity": "sha1-W28VR/TRAuZw4UDFCb5ncdautUk=",
      "dev": true
    },
    "esshorten": {
      "version": "0.0.2",
      "resolved": "https://registry.npmjs.org/esshorten/-/esshorten-0.0.2.tgz",
      "integrity": "sha1-KKZS8e/UDI4if4xt59vmtWDugSk=",
      "dev": true,
      "optional": true,
      "requires": {
        "escope": "1.0.3",
        "estraverse": "1.2.0"
      },
      "dependencies": {
        "estraverse": {
          "version": "1.2.0",
          "resolved": "https://registry.npmjs.org/estraverse/-/estraverse-1.2.0.tgz",
          "integrity": "sha1-aj3IpGpdZ2blZoY5/Hgpds5WYP0=",
          "dev": true,
          "optional": true
        }
      }
    },
    "estraverse": {
      "version": "4.2.0",
      "resolved": "https://registry.npmjs.org/estraverse/-/estraverse-4.2.0.tgz",
      "integrity": "sha1-De4/7TH81GlhjOc0IJn8GvoL2xM="
    },
    "estraverse-fb": {
      "version": "1.3.2",
      "resolved": "https://registry.npmjs.org/estraverse-fb/-/estraverse-fb-1.3.2.tgz",
      "integrity": "sha1-0yOky15awzHOoDNBOpJT4WQ+B8Q="
    },
    "esutils": {
      "version": "1.0.0",
      "resolved": "https://registry.npmjs.org/esutils/-/esutils-1.0.0.tgz",
      "integrity": "sha1-gVHTWOIMisx/t0XnRywAJf5JZXA=",
      "dev": true
    },
    "events-browserify": {
      "version": "0.0.1",
      "resolved": "https://registry.npmjs.org/events-browserify/-/events-browserify-0.0.1.tgz",
      "integrity": "sha1-YKs1yjP0N6bkPYNPk5uFm2wNeGA=",
      "dev": true
    },
    "evp_bytestokey": {
      "version": "1.0.3",
      "resolved": "https://registry.npmjs.org/evp_bytestokey/-/evp_bytestokey-1.0.3.tgz",
      "integrity": "sha512-/f2Go4TognH/KvCISP7OUsHn85hT9nUkxxA9BEWxFn+Oj9o8ZNLm/40hdlgSLyuOimsrTKLUMEorQexp/aPQeA==",
      "dev": true,
      "requires": {
        "md5.js": "1.3.5",
        "safe-buffer": "5.1.2"
      }
    },
    "fast-levenshtein": {
      "version": "1.0.7",
      "resolved": "https://registry.npmjs.org/fast-levenshtein/-/fast-levenshtein-1.0.7.tgz",
      "integrity": "sha1-AXjc3uAjuSkFGTrwlZ6KdjnP3Lk=",
      "dev": true
    },
    "hash-base": {
      "version": "3.0.4",
      "resolved": "https://registry.npmjs.org/hash-base/-/hash-base-3.0.4.tgz",
      "integrity": "sha1-X8hoaEfs1zSZQDMZprCj8/auSRg=",
      "dev": true,
      "requires": {
        "inherits": "2.0.3",
        "safe-buffer": "5.1.2"
      }
    },
    "hash.js": {
      "version": "1.1.5",
      "resolved": "https://registry.npmjs.org/hash.js/-/hash.js-1.1.5.tgz",
      "integrity": "sha512-eWI5HG9Np+eHV1KQhisXWwM+4EPPYe5dFX1UZZH7k/E3JzDEazVH+VGlZi6R94ZqImq+A3D1mCEtrFIfg/E7sA==",
      "dev": true,
      "requires": {
        "inherits": "2.0.3",
        "minimalistic-assert": "1.0.1"
      }
    },
    "hmac-drbg": {
      "version": "1.0.1",
      "resolved": "https://registry.npmjs.org/hmac-drbg/-/hmac-drbg-1.0.1.tgz",
      "integrity": "sha1-0nRXAQJabHdabFRXk+1QL8DGSaE=",
      "dev": true,
      "requires": {
        "hash.js": "1.1.5",
        "minimalistic-assert": "1.0.1",
        "minimalistic-crypto-utils": "1.0.1"
      }
    },
    "http-browserify": {
      "version": "1.7.0",
      "resolved": "https://registry.npmjs.org/http-browserify/-/http-browserify-1.7.0.tgz",
      "integrity": "sha1-M3la3nLfiKz7/TZ3PO/tp2RzWyA=",
      "dev": true,
      "requires": {
        "Base64": "0.2.1",
        "inherits": "2.0.3"
      }
    },
    "inherits": {
      "version": "2.0.3",
      "resolved": "https://registry.npmjs.org/inherits/-/inherits-2.0.3.tgz",
      "integrity": "sha1-Yzwsg+PaQqUC9SRmAiSA9CCCYd4=",
      "dev": true
    },
    "jsonify": {
      "version": "0.0.0",
      "resolved": "https://registry.npmjs.org/jsonify/-/jsonify-0.0.0.tgz",
      "integrity": "sha1-LHS27kHZPKUbe1qu6PUDYx0lKnM=",
      "dev": true
    },
    "jstestr": {
      "version": "0.4.2",
      "resolved": "https://registry.npmjs.org/jstestr/-/jstestr-0.4.2.tgz",
      "integrity": "sha1-GIO8KFTsJ7bfrhrfLkFEvdpMUOw=",
      "dev": true,
      "requires": {
        "requirejs": "2.3.6"
      }
    },
    "levn": {
      "version": "0.2.5",
      "resolved": "https://registry.npmjs.org/levn/-/levn-0.2.5.tgz",
      "integrity": "sha1-uo0znQykphDjo/FFucr0iAcVUFQ=",
      "dev": true,
      "requires": {
        "prelude-ls": "1.1.2",
        "type-check": "0.3.2"
      }
    },
    "md5.js": {
      "version": "1.3.5",
      "resolved": "https://registry.npmjs.org/md5.js/-/md5.js-1.3.5.tgz",
      "integrity": "sha512-xitP+WxNPcTTOgnTJcrhM0xvdPepipPSf3I8EIpGKeFLjt3PlJLIDG3u8EX53ZIubkb+5U2+3rELYpEhHhzdkg==",
      "dev": true,
      "requires": {
        "hash-base": "3.0.4",
        "inherits": "2.0.3",
        "safe-buffer": "5.1.2"
      }
    },
    "miller-rabin": {
      "version": "4.0.1",
      "resolved": "https://registry.npmjs.org/miller-rabin/-/miller-rabin-4.0.1.tgz",
      "integrity": "sha512-115fLhvZVqWwHPbClyntxEVfVDfl9DLLTuJvq3g2O/Oxi8AiNouAHvDSzHS0viUJc+V5vm3eq91Xwqn9dp4jRA==",
      "dev": true,
      "requires": {
        "bn.js": "4.11.8",
        "brorand": "1.1.0"
      }
    },
    "minimalistic-assert": {
      "version": "1.0.1",
      "resolved": "https://registry.npmjs.org/minimalistic-assert/-/minimalistic-assert-1.0.1.tgz",
      "integrity": "sha512-UtJcAD4yEaGtjPezWuO9wC4nwUnVH/8/Im3yEHQP4b67cXlD/Qr9hdITCU1xDbSEXg2XKNaP8jsReV7vQd00/A==",
      "dev": true
    },
    "minimalistic-crypto-utils": {
      "version": "1.0.1",
      "resolved": "https://registry.npmjs.org/minimalistic-crypto-utils/-/minimalistic-crypto-utils-1.0.1.tgz",
      "integrity": "sha1-9sAMHAsIIkblxNmd+4x8CDsrWCo=",
      "dev": true
    },
    "minimist": {
      "version": "0.0.10",
      "resolved": "http://registry.npmjs.org/minimist/-/minimist-0.0.10.tgz",
      "integrity": "sha1-3j+YVD2/lggr5IrRoMfNqDYwHc8=",
      "dev": true,
      "optional": true
    },
    "mktemp": {
      "version": "0.3.5",
      "resolved": "https://registry.npmjs.org/mktemp/-/mktemp-0.3.5.tgz",
      "integrity": "sha1-oVBMcG0NKxmMag62Rff9r4GB994=",
      "dev": true
    },
    "nopt": {
      "version": "2.1.2",
      "resolved": "https://registry.npmjs.org/nopt/-/nopt-2.1.2.tgz",
      "integrity": "sha1-bMzZd7gBMqB3MdbozljCyDA8+a8=",
      "dev": true,
      "requires": {
        "abbrev": "1.1.1"
      }
    },
    "optimist": {
      "version": "0.6.1",
      "resolved": "https://registry.npmjs.org/optimist/-/optimist-0.6.1.tgz",
      "integrity": "sha1-2j6nRob6IaGaERwybpDrFaAZZoY=",
      "dev": true,
      "optional": true,
      "requires": {
        "minimist": "0.0.10",
        "wordwrap": "0.0.3"
      }
    },
    "optionator": {
      "version": "0.3.0",
      "resolved": "https://registry.npmjs.org/optionator/-/optionator-0.3.0.tgz",
      "integrity": "sha1-lxWotfXnWGz/BsgkngOc1zZNP1Q=",
      "dev": true,
      "requires": {
        "deep-is": "0.1.3",
        "fast-levenshtein": "1.0.7",
        "levn": "0.2.5",
        "prelude-ls": "1.1.2",
        "type-check": "0.3.2",
        "wordwrap": "0.0.3"
      }
    },
    "parse-asn1": {
      "version": "5.1.1",
      "resolved": "http://registry.npmjs.org/parse-asn1/-/parse-asn1-5.1.1.tgz",
      "integrity": "sha512-KPx7flKXg775zZpnp9SxJlz00gTd4BmJ2yJufSc44gMCRrRQ7NSzAcSJQfifuOLgW6bEi+ftrALtsgALeB2Adw==",
      "dev": true,
      "requires": {
        "asn1.js": "4.10.1",
        "browserify-aes": "1.2.0",
        "create-hash": "1.2.0",
        "evp_bytestokey": "1.0.3",
        "pbkdf2": "3.0.17"
      }
    },
    "pbkdf2": {
      "version": "3.0.17",
      "resolved": "https://registry.npmjs.org/pbkdf2/-/pbkdf2-3.0.17.tgz",
      "integrity": "sha512-U/il5MsrZp7mGg3mSQfn742na2T+1/vHDCG5/iTI3X9MKUuYUZVLQhyRsg06mCgDBTd57TxzgZt7P+fYfjRLtA==",
      "dev": true,
      "requires": {
        "create-hash": "1.2.0",
        "create-hmac": "1.1.7",
        "ripemd160": "2.0.2",
        "safe-buffer": "5.1.2",
        "sha.js": "2.4.11"
      }
    },
    "pegjs": {
      "version": "0.7.0",
      "resolved": "http://registry.npmjs.org/pegjs/-/pegjs-0.7.0.tgz",
      "integrity": "sha1-qqH4JPnnGX7ETiKlevUi9wDdaJ4=",
      "dev": true
    },
    "prelude-ls": {
      "version": "1.1.2",
      "resolved": "https://registry.npmjs.org/prelude-ls/-/prelude-ls-1.1.2.tgz",
      "integrity": "sha1-IZMqVJ9eUv/ZqCf1cOBL5iqX2lQ=",
      "dev": true
    },
    "public-encrypt": {
      "version": "4.0.3",
      "resolved": "https://registry.npmjs.org/public-encrypt/-/public-encrypt-4.0.3.tgz",
      "integrity": "sha512-zVpa8oKZSz5bTMTFClc1fQOnyyEzpl5ozpi1B5YcvBrdohMjH2rfsBtyXcuNuwjsDIXmBYlF2N5FlJYhR29t8Q==",
      "dev": true,
      "requires": {
        "bn.js": "4.11.8",
        "browserify-rsa": "4.0.1",
        "create-hash": "1.2.0",
        "parse-asn1": "5.1.1",
        "randombytes": "2.0.6",
        "safe-buffer": "5.1.2"
      }
    },
    "punycode": {
      "version": "2.1.1",
      "resolved": "https://registry.npmjs.org/punycode/-/punycode-2.1.1.tgz",
      "integrity": "sha512-XRsRjdf+j5ml+y/6GKHPZbrF/8p2Yga0JPtdqTIY2Xe5ohJPD9saDJJLPvp9+NSBprVvevdXZybnj2cv8OEd0A==",
      "dev": true
    },
    "querystring": {
      "version": "0.2.0",
      "resolved": "https://registry.npmjs.org/querystring/-/querystring-0.2.0.tgz",
      "integrity": "sha1-sgmEkgO7Jd+CDadW50cAWHhSFiA=",
      "dev": true
    },
    "randombytes": {
      "version": "2.0.6",
      "resolved": "https://registry.npmjs.org/randombytes/-/randombytes-2.0.6.tgz",
      "integrity": "sha512-CIQ5OFxf4Jou6uOKe9t1AOgqpeU5fd70A8NPdHSGeYXqXsPe6peOwI0cUl88RWZ6sP1vPMV3avd/R6cZ5/sP1A==",
      "dev": true,
      "requires": {
        "safe-buffer": "5.1.2"
      }
    },
    "randomfill": {
      "version": "1.0.4",
      "resolved": "https://registry.npmjs.org/randomfill/-/randomfill-1.0.4.tgz",
      "integrity": "sha512-87lcbR8+MhcWcUiQ+9e+Rwx8MyR2P7qnt15ynUlbm3TU/fjbgz4GsvfSUDTemtCCtVCqb4ZcEFlyPNTh9bBTLw==",
      "dev": true,
      "requires": {
        "randombytes": "2.0.6",
        "safe-buffer": "5.1.2"
      }
    },
    "requirejs": {
      "version": "2.3.6",
      "resolved": "https://registry.npmjs.org/requirejs/-/requirejs-2.3.6.tgz",
      "integrity": "sha512-ipEzlWQe6RK3jkzikgCupiTbTvm4S0/CAU5GlgptkN5SO6F3u0UD0K18wy6ErDqiCyP4J4YYe1HuAShvsxePLg==",
      "dev": true
    },
    "resolve": {
      "version": "0.6.3",
      "resolved": "https://registry.npmjs.org/resolve/-/resolve-0.6.3.tgz",
      "integrity": "sha1-3ZV5gufnNt699TtYpN2RdUV13UY=",
      "dev": true
    },
    "ripemd160": {
      "version": "2.0.2",
      "resolved": "https://registry.npmjs.org/ripemd160/-/ripemd160-2.0.2.tgz",
      "integrity": "sha512-ii4iagi25WusVoiC4B4lq7pbXfAp3D9v5CwfkY33vffw2+pkDjY1D8GaN7spsxvCSx8dkPqOZCEZyfxcmJG2IA==",
      "dev": true,
      "requires": {
        "hash-base": "3.0.4",
        "inherits": "2.0.3"
      }
    },
    "safe-buffer": {
      "version": "5.1.2",
      "resolved": "https://registry.npmjs.org/safe-buffer/-/safe-buffer-5.1.2.tgz",
      "integrity": "sha512-Gd2UZBJDkXlY7GbJxfsE8/nvKkUEU1G38c1siN6QP6a9PT9MmHB8GnpscSmMJSoF8LOIrt8ud/wPtojys4G6+g==",
      "dev": true
    },
    "sha.js": {
      "version": "2.4.11",
      "resolved": "http://registry.npmjs.org/sha.js/-/sha.js-2.4.11.tgz",
      "integrity": "sha512-QMEp5B7cftE7APOjk5Y6xgrbWu+WkLVQwk8JNjZ8nKRciZaByEW6MubieAiToS7+dwvrjGhH8jRXz3MVd0AYqQ==",
      "dev": true,
      "requires": {
        "inherits": "2.0.3",
        "safe-buffer": "5.1.2"
      }
    },
    "source-map": {
      "version": "0.1.11",
      "resolved": "https://registry.npmjs.org/source-map/-/source-map-0.1.11.tgz",
      "integrity": "sha1-Lu8v1lp0wXmICuXuaXXZnOIet7Q=",
      "dev": true,
      "optional": true,
      "requires": {
        "amdefine": "1.0.1"
      }
    },
    "tape": {
      "version": "0.2.2",
      "resolved": "https://registry.npmjs.org/tape/-/tape-0.2.2.tgz",
      "integrity": "sha1-ZMz6S37PSgBgAH5hcW1CR4FnFjc=",
      "dev": true,
      "requires": {
        "deep-equal": "0.0.0",
        "defined": "0.0.0",
        "jsonify": "0.0.0"
      }
    },
    "type-check": {
      "version": "0.3.2",
      "resolved": "https://registry.npmjs.org/type-check/-/type-check-0.3.2.tgz",
      "integrity": "sha1-WITKtRLPHTVeP7eE8wgEsrUg23I=",
      "dev": true,
      "requires": {
        "prelude-ls": "1.1.2"
      }
    },
    "vm-browserify": {
      "version": "1.1.0",
      "resolved": "https://registry.npmjs.org/vm-browserify/-/vm-browserify-1.1.0.tgz",
      "integrity": "sha512-iq+S7vZJE60yejDYM0ek6zg308+UZsdtPExWP9VZoCFCz1zkJoXFnAX7aZfd/ZwrkidzdUZL0C/ryW+JwAiIGw==",
      "dev": true
    },
    "wordwrap": {
      "version": "0.0.3",
      "resolved": "https://registry.npmjs.org/wordwrap/-/wordwrap-0.0.3.tgz",
      "integrity": "sha1-o9XabNXAvAAI03I0u68b7WMFkQc=",
      "dev": true
    },
    "zlib-browserify": {
      "version": "0.0.3",
      "resolved": "https://registry.npmjs.org/zlib-browserify/-/zlib-browserify-0.0.3.tgz",
      "integrity": "sha1-JAzNv9AgP6hCsTDe77FBQSLIzFA=",
      "dev": true,
      "requires": {
        "tape": "0.2.2"
      }
    }
  }
}
